<?xml version="1.0" encoding="utf-8"?>
<Project ToolsVersion="4.0" xmlns="http://schemas.microsoft.com/developer/msbuild/2003">
  <ItemGroup>
    <ClCompile Include="BasicWeapon.cpp" />
    <ClCompile Include="Board.cpp" />
    <ClCompile Include="ChooseTank.cpp" />
    <ClCompile Include="ExplosiveWeapon.cpp" />
    <ClCompile Include="Game.cpp" />
    <ClCompile Include="GameOver.cpp" />
    <ClCompile Include="main.cpp" />
    <ClCompile Include="MainMenu.cpp" />
    <ClCompile Include="Map.cpp" />
    <ClCompile Include="SniperWeapon.cpp" />
    <ClCompile Include="Tank.cpp" />
    <ClCompile Include="Tiger_1.cpp" />
    <ClCompile Include="Tiger_2.cpp" />
    <ClCompile Include="Weapon.cpp" />
    <ClCompile Include="Obstacle.cpp" />
    <ClCompile Include="Building.cpp" />
    <ClCompile Include="Bush.cpp" />
    <ClCompile Include="TankTraps.cpp" />
    <ClCompile Include="Panther.cpp" />
    <ClCompile Include="KV_2.cpp" />
    <ClCompile Include="Sherman.cpp" />
    <ClCompile Include="Pershing.cpp" />
    <ClCompile Include="T_34.cpp" />
  </ItemGroup>
  <ItemGroup>
    <ClInclude Include="BasicWeapon.h" />
    <ClInclude Include="Board.h" />
    <ClInclude Include="ChooseTank.h" />
    <ClInclude Include="ExplosiveWeapon.h" />
    <ClInclude Include="Game.h" />
    <ClInclude Include="GameOver.h" />
    <ClInclude Include="MainMenu.h" />
    <ClInclude Include="Map.h" />
    <ClInclude Include="resource.h" />
    <ClInclude Include="SniperWeapon.h" />
    <ClInclude Include="Tank.h" />
    <ClInclude Include="Tiger_1.h" />
    <ClInclude Include="Tiger_2.h" />
    <ClInclude Include="Weapon.h" />
    <ClInclude Include="Obstacle.h" />
    <ClInclude Include="Building.h" />
    <ClInclude Include="Bush.h" />
    <ClInclude Include="TankTraps.h" />
    <ClInclude Include="Panther.h" />
    <ClInclude Include="KV_2.h" />
    <ClInclude Include="Sherman.h" />
    <ClInclude Include="Pershing.h" />
    <ClInclude Include="T_34.h" />
  </ItemGroup>
  <ItemGroup>
    <ResourceCompile Include="FP.rc" />
  </ItemGroup>
  <ItemGroup>
    <Image Include="..\assets\Konigstiger.png" />
    <Image Include="..\assets\Konigstiger_gun.png" />
    <Image Include="..\assets\tankpertamagede.png" />
  </ItemGroup>
</Project>